
Microsoft Visual Studio Solution File, Format Version 12.00
# Visual Studio Version 16
VisualStudioVersion = 16.0.30225.117
MinimumVisualStudioVersion = 10.0.40219.1
Project("{FAE04EC0-301F-11D3-BF4B-00C04F79EFBC}") = "TeatroFinal", "TeatroFinal\TeatroFinal.csproj", "{18D0292D-2F7C-49B7-8C51-1EA7A3F2A776}"
EndProject
Global
	GlobalSection(SolutionConfigurationPlatforms) = preSolution
		Debug|Any CPU = Debug|Any CPU
		Release|Any CPU = Release|Any CPU
	EndGlobalSection
	GlobalSection(ProjectConfigurationPlatforms) = postSolution
		{18D0292D-2F7C-49B7-8C51-1EA7A3F2A776}.Debug|Any CPU.ActiveCfg = Debug|Any CPU
		{18D0292D-2F7C-49B7-8C51-1EA7A3F2A776}.Debug|Any CPU.Build.0 = Debug|Any CPU
		{18D0292D-2F7C-49B7-8C51-1EA7A3F2A776}.Release|Any CPU.ActiveCfg = Release|Any CPU
		{18D0292D-2F7C-49B7-8C51-1EA7A3F2A776}.Release|Any CPU.Build.0 = Release|Any CPU
	EndGlobalSection
	GlobalSection(SolutionProperties) = preSolution
		HideSolutionNode = FALSE
	EndGlobalSection
	GlobalSection(ExtensibilityGlobals) = postSolution
		SolutionGuid = {E3C5622B-394A-46BA-9618-4A8A70D50420}
	EndGlobalSection
EndGlobal
